
Microsoft Visual Studio Solution File, Format Version 12.00
# Visual Studio Version 17
VisualStudioVersion = 17.6.33829.357
MinimumVisualStudioVersion = 10.0.40219.1
Project("{FAE04EC0-301F-11D3-BF4B-00C04F79EFBC}") = "String", "String\String.csproj", "{3BA5380F-8A9F-42CC-AD10-AF06C4158F15}"
EndProject
Global
	GlobalSection(SolutionConfigurationPlatforms) = preSolution
		Debug|Any CPU = Debug|Any CPU
		Release|Any CPU = Release|Any CPU
	EndGlobalSection
	GlobalSection(ProjectConfigurationPlatforms) = postSolution
		{3BA5380F-8A9F-42CC-AD10-AF06C4158F15}.Debug|Any CPU.ActiveCfg = Debug|Any CPU
		{3BA5380F-8A9F-42CC-AD10-AF06C4158F15}.Debug|Any CPU.Build.0 = Debug|Any CPU
		{3BA5380F-8A9F-42CC-AD10-AF06C4158F15}.Release|Any CPU.ActiveCfg = Release|Any CPU
		{3BA5380F-8A9F-42CC-AD10-AF06C4158F15}.Release|Any CPU.Build.0 = Release|Any CPU
	EndGlobalSection
	GlobalSection(SolutionProperties) = preSolution
		HideSolutionNode = FALSE
	EndGlobalSection
	GlobalSection(ExtensibilityGlobals) = postSolution
		SolutionGuid = {6C6A8574-16A3-4E20-AB92-18765A2A3F60}
	EndGlobalSection
EndGlobal
